
Microsoft Visual Studio Solution File, Format Version 12.00
# Visual Studio Version 16
VisualStudioVersion = 16.0.31624.102
MinimumVisualStudioVersion = 10.0.40219.1
Project("{FAE04EC0-301F-11D3-BF4B-00C04F79EFBC}") = "WStore", "WStore\WStore.csproj", "{80C7B676-E6B0-4F2F-AB6E-6D4E8D88C567}"
EndProject
Project("{FAE04EC0-301F-11D3-BF4B-00C04F79EFBC}") = "DAL", "DAL\DAL.csproj", "{AFAB8E77-0218-4096-8053-A48F690E4328}"
EndProject
Global
	GlobalSection(SolutionConfigurationPlatforms) = preSolution
		Debug|Any CPU = Debug|Any CPU
		Release|Any CPU = Release|Any CPU
	EndGlobalSection
	GlobalSection(ProjectConfigurationPlatforms) = postSolution
		{80C7B676-E6B0-4F2F-AB6E-6D4E8D88C567}.Debug|Any CPU.ActiveCfg = Debug|Any CPU
		{80C7B676-E6B0-4F2F-AB6E-6D4E8D88C567}.Debug|Any CPU.Build.0 = Debug|Any CPU
		{80C7B676-E6B0-4F2F-AB6E-6D4E8D88C567}.Release|Any CPU.ActiveCfg = Release|Any CPU
		{80C7B676-E6B0-4F2F-AB6E-6D4E8D88C567}.Release|Any CPU.Build.0 = Release|Any CPU
		{AFAB8E77-0218-4096-8053-A48F690E4328}.Debug|Any CPU.ActiveCfg = Debug|Any CPU
		{AFAB8E77-0218-4096-8053-A48F690E4328}.Debug|Any CPU.Build.0 = Debug|Any CPU
		{AFAB8E77-0218-4096-8053-A48F690E4328}.Release|Any CPU.ActiveCfg = Release|Any CPU
		{AFAB8E77-0218-4096-8053-A48F690E4328}.Release|Any CPU.Build.0 = Release|Any CPU
	EndGlobalSection
	GlobalSection(SolutionProperties) = preSolution
		HideSolutionNode = FALSE
	EndGlobalSection
	GlobalSection(ExtensibilityGlobals) = postSolution
		SolutionGuid = {15B5BBD1-4201-4E1A-BF38-C6DFE8698168}
	EndGlobalSection
EndGlobal
